
Microsoft Visual Studio Solution File, Format Version 12.00
# Visual Studio Version 17
VisualStudioVersion = 17.10.35122.118
MinimumVisualStudioVersion = 10.0.40219.1
Project("{FAE04EC0-301F-11D3-BF4B-00C04F79EFBC}") = "alpimi-planner-backend", "alpimi-planner-backend.csproj", "{8FF383EB-2740-4792-99D7-62196A316C09}"
EndProject
Global
	GlobalSection(SolutionConfigurationPlatforms) = preSolution
		Debug|Any CPU = Debug|Any CPU
		Release|Any CPU = Release|Any CPU
	EndGlobalSection
	GlobalSection(ProjectConfigurationPlatforms) = postSolution
		{8FF383EB-2740-4792-99D7-62196A316C09}.Debug|Any CPU.ActiveCfg = Debug|Any CPU
		{8FF383EB-2740-4792-99D7-62196A316C09}.Debug|Any CPU.Build.0 = Debug|Any CPU
		{8FF383EB-2740-4792-99D7-62196A316C09}.Release|Any CPU.ActiveCfg = Release|Any CPU
		{8FF383EB-2740-4792-99D7-62196A316C09}.Release|Any CPU.Build.0 = Release|Any CPU
	EndGlobalSection
	GlobalSection(SolutionProperties) = preSolution
		HideSolutionNode = FALSE
	EndGlobalSection
	GlobalSection(ExtensibilityGlobals) = postSolution
		SolutionGuid = {6B91DC1E-5D4A-4E40-A5CF-CF847F9D6013}
	EndGlobalSection
EndGlobal
